# Generated by Wiki Page Editor — MinigameFramework

id: "random-block"
name: "Random Block"
icon: BLAZE_POWDER

icon_meta:
  custom_item_id: "%item-random_block%"

description:
  - "<gray>%desc-random_block%</gray>"

keywords:
  - "block"
  - "random"
  - "disguise"

body: |
  The <green>Random Block</green> item is a %rarity-random_block%. It swaps your current block with a random one from the allowed block pool. It can be used up to <#00ffff>%setting-hider-items.random-block.uses%</#00ffff> times.
  <b>Note</b>: This item is only available in the {block} gamemode.
  It has a cooldown of <#00ffff>%setting-hider-items.crossbow.cooldown%s</#00ffff>

related:
  - page: block
    label: "BLOCK"