# Generated by Wiki Page Editor - MinigameFramework

id: "block"
name: "Block-Modus"
icon: "minecraft:grass_block"

description:
  - "<gray>Verwandle dich in einen Block, um dich vor Suchenden zu verstecken</gray>"

keywords:
  - "block"
  - "tarnung"
  - "verstecken"
  - "schleichen"

body: |
  Im <bold>BLOCK</bold>-Spielmodus können sich Verstecker als beliebige Blöcke im Spiel tarnen.

  Zum Tarnen einfach schleichen (Umschalttaste gedrückt halten). Sobald du getarnt bist, fügst du dich perfekt ein.

  Siehe {block-mode} für eine detaillierte Erklärung.

related:
  - page: block-mode
    label: "Block-Modus"
