# Generated by Wiki Page Editor - MinigameFramework

id: "random-block"
name: "Random Block"
icon: "minecraft:blaze_powder"

icon_meta:
  custom_item_id: "%item-random_block%"

description:
  - "<gray>%desc-random_block%</gray>"

keywords:
  - "block"
  - "zufall"
  - "tarnung"

body: |
  Der <green>Random Block</green> ist ein %rarity-random_block% Gegenstand. Es tauscht deinen aktuellen Block gegen einen zufälligen aus dem erlaubten Blockpool aus. Es kann bis zu <#00ffff>%setting-hider-items.random-block.uses%</#00ffff> Mal verwendet werden.
  <bold>Hinweis</bold>: Dieser Gegenstand ist nur im {block-mode} Spielmodus verfügbar.
  Es hat eine Abklingzeit von <#00ffff>%setting-hider-items.random-block.cooldown%s</#00ffff>.

related:
  - page: block-mode
    label: "Block Mode"