# Generated by Wiki Page Editor - MinigameFramework

id: "block"
name: "Block Mode"
icon: "minecraft:grass_block"

description:
  - "<gray>Disguise yourself as a block to hide from seekers</gray>"

keywords:
  - "block"
  - "disguise"
  - "hide"
  - "sneak"

body: |
  In <bold>BLOCK</bold> game mode, hiders can disguise themselves as any block in the game.

  To disguise, simply sneak (hold shift) for a few seconds. Once disguised, you blend in perfectly.

  See {block-mode} for a detailed explanation.

related:
  - page: block-mode
    label: "Block Mode"
